
Microsoft Visual Studio Solution File, Format Version 12.00
# Visual Studio Version 17
VisualStudioVersion = 17.14.36603.0
MinimumVisualStudioVersion = 10.0.40219.1
Project("{FAE04EC0-301F-11D3-BF4B-00C04F79EFBC}") = "SkiShop.API", "SkiShop.API\SkiShop.API.csproj", "{E254CCD2-175B-42EF-BF6B-54530888E4ED}"
EndProject
Project("{FAE04EC0-301F-11D3-BF4B-00C04F79EFBC}") = "Core", "Core\Core.csproj", "{397D68B8-124D-4D86-9D1E-1548C57E3726}"
EndProject
Project("{FAE04EC0-301F-11D3-BF4B-00C04F79EFBC}") = "Infrastructure", "Infrastructure\Infrastructure.csproj", "{F5877D78-7BE1-4E74-B2A9-CFCA22EFBC58}"
EndProject
Project("{2150E333-8FDC-42A3-9474-1A3956D46DE8}") = "Solution Items", "Solution Items", "{8EC462FD-D22E-90A8-E5CE-7E832BA40C5D}"
	ProjectSection(SolutionItems) = preProject
		.gitignore = .gitignore
	EndProjectSection
EndProject
Global
	GlobalSection(SolutionConfigurationPlatforms) = preSolution
		Debug|Any CPU = Debug|Any CPU
		Release|Any CPU = Release|Any CPU
	EndGlobalSection
	GlobalSection(ProjectConfigurationPlatforms) = postSolution
		{E254CCD2-175B-42EF-BF6B-54530888E4ED}.Debug|Any CPU.ActiveCfg = Debug|Any CPU
		{E254CCD2-175B-42EF-BF6B-54530888E4ED}.Debug|Any CPU.Build.0 = Debug|Any CPU
		{E254CCD2-175B-42EF-BF6B-54530888E4ED}.Release|Any CPU.ActiveCfg = Release|Any CPU
		{E254CCD2-175B-42EF-BF6B-54530888E4ED}.Release|Any CPU.Build.0 = Release|Any CPU
		{397D68B8-124D-4D86-9D1E-1548C57E3726}.Debug|Any CPU.ActiveCfg = Debug|Any CPU
		{397D68B8-124D-4D86-9D1E-1548C57E3726}.Debug|Any CPU.Build.0 = Debug|Any CPU
		{397D68B8-124D-4D86-9D1E-1548C57E3726}.Release|Any CPU.ActiveCfg = Release|Any CPU
		{397D68B8-124D-4D86-9D1E-1548C57E3726}.Release|Any CPU.Build.0 = Release|Any CPU
		{F5877D78-7BE1-4E74-B2A9-CFCA22EFBC58}.Debug|Any CPU.ActiveCfg = Debug|Any CPU
		{F5877D78-7BE1-4E74-B2A9-CFCA22EFBC58}.Debug|Any CPU.Build.0 = Debug|Any CPU
		{F5877D78-7BE1-4E74-B2A9-CFCA22EFBC58}.Release|Any CPU.ActiveCfg = Release|Any CPU
		{F5877D78-7BE1-4E74-B2A9-CFCA22EFBC58}.Release|Any CPU.Build.0 = Release|Any CPU
	EndGlobalSection
	GlobalSection(SolutionProperties) = preSolution
		HideSolutionNode = FALSE
	EndGlobalSection
	GlobalSection(ExtensibilityGlobals) = postSolution
		SolutionGuid = {18A4D2EB-F823-44EA-8108-4AC2B8FDBADF}
	EndGlobalSection
EndGlobal
